lockfileVersion: 5.3

specifiers:
  '@stripe/react-stripe-js': ^1.6.0
  '@stripe/stripe-js': ^1.20.2
  '@vitejs/plugin-react': ^1.0.0
  react: ^17.0.0
  react-dom: ^17.0.0
  vite: ^2.6.4

dependencies:
  '@stripe/react-stripe-js': 1.6.0_24450fec665e2f9c08609326d3233f02
  '@stripe/stripe-js': 1.20.2
  react: 17.0.2
  react-dom: 17.0.2_react@17.0.2

devDependencies:
  '@vitejs/plugin-react': 1.0.4
  vite: 2.6.7

packages:

  /@babel/code-frame/7.15.8:
    resolution: {integrity: sha512-2IAnmn8zbvC/jKYhq5Ki9I+DwjlrtMPUCH/CpHvqI4dNnlwHwsxoIhlc8WcYY5LSYknXQtAlFYuHfqAFCvQ4Wg==}
    engines: {node: '>=6.9.0'}
    dependencies:
      '@babel/highlight': 7.14.5
    dev: true

  /@babel/compat-data/7.15.0:
    resolution: {integrity: sha512-0NqAC1IJE0S0+lL1SWFMxMkz1pKCNCjI4tr2Zx4LJSXxCLAdr6KyArnY+sno5m3yH9g737ygOyPABDsnXkpxiA==}
    engines: {node: '>=6.9.0'}
    dev: true

  /@babel/core/7.15.8:
    resolution: {integrity: sha512-3UG9dsxvYBMYwRv+gS41WKHno4K60/9GPy1CJaH6xy3Elq8CTtvtjT5R5jmNhXfCYLX2mTw+7/aq5ak/gOE0og==}
    engines: {node: '>=6.9.0'}
    dependencies:
      '@babel/code-frame': 7.15.8
      '@babel/generator': 7.15.8
      '@babel/helper-compilation-targets': 7.15.4_@babel+core@7.15.8
      '@babel/helper-module-transforms': 7.15.8
      '@babel/helpers': 7.15.4
      '@babel/parser': 7.15.8
      '@babel/template': 7.15.4
      '@babel/traverse': 7.15.4
      '@babel/types': 7.15.6
      convert-source-map: 1.8.0
      debug: 4.3.2
      gensync: 1.0.0-beta.2
      json5: 2.2.0
      semver: 6.3.0
      source-map: 0.5.7
    transitivePeerDependencies:
      - supports-color
    dev: true

  /@babel/generator/7.15.8:
    resolution: {integrity: sha512-ECmAKstXbp1cvpTTZciZCgfOt6iN64lR0d+euv3UZisU5awfRawOvg07Utn/qBGuH4bRIEZKrA/4LzZyXhZr8g==}
    engines: {node: '>=6.9.0'}
    dependencies:
      '@babel/types': 7.15.6
      jsesc: 2.5.2
      source-map: 0.5.7
    dev: true

  /@babel/helper-annotate-as-pure/7.15.4:
    resolution: {integrity: sha512-QwrtdNvUNsPCj2lfNQacsGSQvGX8ee1ttrBrcozUP2Sv/jylewBP/8QFe6ZkBsC8T/GYWonNAWJV4aRR9AL2DA==}
    engines: {node: '>=6.9.0'}
    dependencies:
      '@babel/types': 7.15.6
    dev: true

  /@babel/helper-compilation-targets/7.15.4_@babel+core@7.15.8:
    resolution: {integrity: sha512-rMWPCirulnPSe4d+gwdWXLfAXTTBj8M3guAf5xFQJ0nvFY7tfNAFnWdqaHegHlgDZOCT4qvhF3BYlSJag8yhqQ==}
    engines: {node: '>=6.9.0'}
    peerDependencies:
      '@babel/core': ^7.0.0
    dependencies:
      '@babel/compat-data': 7.15.0
      '@babel/core': 7.15.8
      '@babel/helper-validator-option': 7.14.5
      browserslist: 4.17.4
      semver: 6.3.0
    dev: true

  /@babel/helper-function-name/7.15.4:
    resolution: {integrity: sha512-Z91cOMM4DseLIGOnog+Z8OI6YseR9bua+HpvLAQ2XayUGU+neTtX+97caALaLdyu53I/fjhbeCnWnRH1O3jFOw==}
    engines: {node: '>=6.9.0'}
    dependencies:
      '@babel/helper-get-function-arity': 7.15.4
      '@babel/template': 7.15.4
      '@babel/types': 7.15.6
    dev: true

  /@babel/helper-get-function-arity/7.15.4:
    resolution: {integrity: sha512-1/AlxSF92CmGZzHnC515hm4SirTxtpDnLEJ0UyEMgTMZN+6bxXKg04dKhiRx5Enel+SUA1G1t5Ed/yQia0efrA==}
    engines: {node: '>=6.9.0'}
    dependencies:
      '@babel/types': 7.15.6
    dev: true

  /@babel/helper-hoist-variables/7.15.4:
    resolution: {integrity: sha512-VTy085egb3jUGVK9ycIxQiPbquesq0HUQ+tPO0uv5mPEBZipk+5FkRKiWq5apuyTE9FUrjENB0rCf8y+n+UuhA==}
    engines: {node: '>=6.9.0'}
    dependencies:
      '@babel/types': 7.15.6
    dev: true

  /@babel/helper-member-expression-to-functions/7.15.4:
    resolution: {integrity: sha512-cokOMkxC/BTyNP1AlY25HuBWM32iCEsLPI4BHDpJCHHm1FU2E7dKWWIXJgQgSFiu4lp8q3bL1BIKwqkSUviqtA==}
    engines: {node: '>=6.9.0'}
    dependencies:
      '@babel/types': 7.15.6
    dev: true

  /@babel/helper-module-imports/7.15.4:
    resolution: {integrity: sha512-jeAHZbzUwdW/xHgHQ3QmWR4Jg6j15q4w/gCfwZvtqOxoo5DKtLHk8Bsf4c5RZRC7NmLEs+ohkdq8jFefuvIxAA==}
    engines: {node: '>=6.9.0'}
    dependencies:
      '@babel/types': 7.15.6
    dev: true

  /@babel/helper-module-transforms/7.15.8:
    resolution: {integrity: sha512-DfAfA6PfpG8t4S6npwzLvTUpp0sS7JrcuaMiy1Y5645laRJIp/LiLGIBbQKaXSInK8tiGNI7FL7L8UvB8gdUZg==}
    engines: {node: '>=6.9.0'}
    dependencies:
      '@babel/helper-module-imports': 7.15.4
      '@babel/helper-replace-supers': 7.15.4
      '@babel/helper-simple-access': 7.15.4
      '@babel/helper-split-export-declaration': 7.15.4
      '@babel/helper-validator-identifier': 7.15.7
      '@babel/template': 7.15.4
      '@babel/traverse': 7.15.4
      '@babel/types': 7.15.6
    transitivePeerDependencies:
      - supports-color
    dev: true

  /@babel/helper-optimise-call-expression/7.15.4:
    resolution: {integrity: sha512-E/z9rfbAOt1vDW1DR7k4SzhzotVV5+qMciWV6LaG1g4jeFrkDlJedjtV4h0i4Q/ITnUu+Pk08M7fczsB9GXBDw==}
    engines: {node: '>=6.9.0'}
    dependencies:
      '@babel/types': 7.15.6
    dev: true

  /@babel/helper-plugin-utils/7.14.5:
    resolution: {integrity: sha512-/37qQCE3K0vvZKwoK4XU/irIJQdIfCJuhU5eKnNxpFDsOkgFaUAwbv+RYw6eYgsC0E4hS7r5KqGULUogqui0fQ==}
    engines: {node: '>=6.9.0'}
    dev: true

  /@babel/helper-replace-supers/7.15.4:
    resolution: {integrity: sha512-/ztT6khaXF37MS47fufrKvIsiQkx1LBRvSJNzRqmbyeZnTwU9qBxXYLaaT/6KaxfKhjs2Wy8kG8ZdsFUuWBjzw==}
    engines: {node: '>=6.9.0'}
    dependencies:
      '@babel/helper-member-expression-to-functions': 7.15.4
      '@babel/helper-optimise-call-expression': 7.15.4
      '@babel/traverse': 7.15.4
      '@babel/types': 7.15.6
    transitivePeerDependencies:
      - supports-color
    dev: true

  /@babel/helper-simple-access/7.15.4:
    resolution: {integrity: sha512-UzazrDoIVOZZcTeHHEPYrr1MvTR/K+wgLg6MY6e1CJyaRhbibftF6fR2KU2sFRtI/nERUZR9fBd6aKgBlIBaPg==}
    engines: {node: '>=6.9.0'}
    dependencies:
      '@babel/types': 7.15.6
    dev: true

  /@babel/helper-split-export-declaration/7.15.4:
    resolution: {integrity: sha512-HsFqhLDZ08DxCpBdEVtKmywj6PQbwnF6HHybur0MAnkAKnlS6uHkwnmRIkElB2Owpfb4xL4NwDmDLFubueDXsw==}
    engines: {node: '>=6.9.0'}
    dependencies:
      '@babel/types': 7.15.6
    dev: true

  /@babel/helper-validator-identifier/7.15.7:
    resolution: {integrity: sha512-K4JvCtQqad9OY2+yTU8w+E82ywk/fe+ELNlt1G8z3bVGlZfn/hOcQQsUhGhW/N+tb3fxK800wLtKOE/aM0m72w==}
    engines: {node: '>=6.9.0'}
    dev: true

  /@babel/helper-validator-option/7.14.5:
    resolution: {integrity: sha512-OX8D5eeX4XwcroVW45NMvoYaIuFI+GQpA2a8Gi+X/U/cDUIRsV37qQfF905F0htTRCREQIB4KqPeaveRJUl3Ow==}
    engines: {node: '>=6.9.0'}
    dev: true

  /@babel/helpers/7.15.4:
    resolution: {integrity: sha512-V45u6dqEJ3w2rlryYYXf6i9rQ5YMNu4FLS6ngs8ikblhu2VdR1AqAd6aJjBzmf2Qzh6KOLqKHxEN9+TFbAkAVQ==}
    engines: {node: '>=6.9.0'}
    dependencies:
      '@babel/template': 7.15.4
      '@babel/traverse': 7.15.4
      '@babel/types': 7.15.6
    transitivePeerDependencies:
      - supports-color
    dev: true

  /@babel/highlight/7.14.5:
    resolution: {integrity: sha512-qf9u2WFWVV0MppaL877j2dBtQIDgmidgjGk5VIMw3OadXvYaXn66U1BFlH2t4+t3i+8PhedppRv+i40ABzd+gg==}
    engines: {node: '>=6.9.0'}
    dependencies:
      '@babel/helper-validator-identifier': 7.15.7
      chalk: 2.4.2
      js-tokens: 4.0.0
    dev: true

  /@babel/parser/7.15.8:
    resolution: {integrity: sha512-BRYa3wcQnjS/nqI8Ac94pYYpJfojHVvVXJ97+IDCImX4Jc8W8Xv1+47enbruk+q1etOpsQNwnfFcNGw+gtPGxA==}
    engines: {node: '>=6.0.0'}
    hasBin: true
    dev: true

  /@babel/plugin-syntax-jsx/7.14.5_@babel+core@7.15.8:
    resolution: {integrity: sha512-ohuFIsOMXJnbOMRfX7/w7LocdR6R7whhuRD4ax8IipLcLPlZGJKkBxgHp++U4N/vKyU16/YDQr2f5seajD3jIw==}
    engines: {node: '>=6.9.0'}
    peerDependencies:
      '@babel/core': ^7.0.0-0
    dependencies:
      '@babel/core': 7.15.8
      '@babel/helper-plugin-utils': 7.14.5
    dev: true

  /@babel/plugin-transform-react-jsx-development/7.14.5_@babel+core@7.15.8:
    resolution: {integrity: sha512-rdwG/9jC6QybWxVe2UVOa7q6cnTpw8JRRHOxntG/h6g/guAOe6AhtQHJuJh5FwmnXIT1bdm5vC2/5huV8ZOorQ==}
    engines: {node: '>=6.9.0'}
    peerDependencies:
      '@babel/core': ^7.0.0-0
    dependencies:
      '@babel/core': 7.15.8
      '@babel/plugin-transform-react-jsx': 7.14.9_@babel+core@7.15.8
    dev: true

  /@babel/plugin-transform-react-jsx-self/7.14.9_@babel+core@7.15.8:
    resolution: {integrity: sha512-Fqqu0f8zv9W+RyOnx29BX/RlEsBRANbOf5xs5oxb2aHP4FKbLXxIaVPUiCti56LAR1IixMH4EyaixhUsKqoBHw==}
    engines: {node: '>=6.9.0'}
    peerDependencies:
      '@babel/core': ^7.0.0-0
    dependencies:
      '@babel/core': 7.15.8
      '@babel/helper-plugin-utils': 7.14.5
    dev: true

  /@babel/plugin-transform-react-jsx-source/7.14.5_@babel+core@7.15.8:
    resolution: {integrity: sha512-1TpSDnD9XR/rQ2tzunBVPThF5poaYT9GqP+of8fAtguYuI/dm2RkrMBDemsxtY0XBzvW7nXjYM0hRyKX9QYj7Q==}
    engines: {node: '>=6.9.0'}
    peerDependencies:
      '@babel/core': ^7.0.0-0
    dependencies:
      '@babel/core': 7.15.8
      '@babel/helper-plugin-utils': 7.14.5
    dev: true

  /@babel/plugin-transform-react-jsx/7.14.9_@babel+core@7.15.8:
    resolution: {integrity: sha512-30PeETvS+AeD1f58i1OVyoDlVYQhap/K20ZrMjLmmzmC2AYR/G43D4sdJAaDAqCD3MYpSWbmrz3kES158QSLjw==}
    engines: {node: '>=6.9.0'}
    peerDependencies:
      '@babel/core': ^7.0.0-0
    dependencies:
      '@babel/core': 7.15.8
      '@babel/helper-annotate-as-pure': 7.15.4
      '@babel/helper-module-imports': 7.15.4
      '@babel/helper-plugin-utils': 7.14.5
      '@babel/plugin-syntax-jsx': 7.14.5_@babel+core@7.15.8
      '@babel/types': 7.15.6
    dev: true

  /@babel/template/7.15.4:
    resolution: {integrity: sha512-UgBAfEa1oGuYgDIPM2G+aHa4Nlo9Lh6mGD2bDBGMTbYnc38vulXPuC1MGjYILIEmlwl6Rd+BPR9ee3gm20CBtg==}
    engines: {node: '>=6.9.0'}
    dependencies:
      '@babel/code-frame': 7.15.8
      '@babel/parser': 7.15.8
      '@babel/types': 7.15.6
    dev: true

  /@babel/traverse/7.15.4:
    resolution: {integrity: sha512-W6lQD8l4rUbQR/vYgSuCAE75ADyyQvOpFVsvPPdkhf6lATXAsQIG9YdtOcu8BB1dZ0LKu+Zo3c1wEcbKeuhdlA==}
    engines: {node: '>=6.9.0'}
    dependencies:
      '@babel/code-frame': 7.15.8
      '@babel/generator': 7.15.8
      '@babel/helper-function-name': 7.15.4
      '@babel/helper-hoist-variables': 7.15.4
      '@babel/helper-split-export-declaration': 7.15.4
      '@babel/parser': 7.15.8
      '@babel/types': 7.15.6
      debug: 4.3.2
      globals: 11.12.0
    transitivePeerDependencies:
      - supports-color
    dev: true

  /@babel/types/7.15.6:
    resolution: {integrity: sha512-BPU+7QhqNjmWyDO0/vitH/CuhpV8ZmK1wpKva8nuyNF5MJfuRNWMc+hc14+u9xT93kvykMdncrJT19h74uB1Ig==}
    engines: {node: '>=6.9.0'}
    dependencies:
      '@babel/helper-validator-identifier': 7.15.7
      to-fast-properties: 2.0.0
    dev: true

  /@rollup/pluginutils/4.1.1:
    resolution: {integrity: sha512-clDjivHqWGXi7u+0d2r2sBi4Ie6VLEAzWMIkvJLnDmxoOhBYOTfzGbOQBA32THHm11/LiJbd01tJUpJsbshSWQ==}
    engines: {node: '>= 8.0.0'}
    dependencies:
      estree-walker: 2.0.2
      picomatch: 2.3.0
    dev: true

  /@stripe/react-stripe-js/1.6.0_24450fec665e2f9c08609326d3233f02:
    resolution: {integrity: sha512-tMmsPD+wkpiiVJZgQ1E06tklG5MZHG462s6OWja9abpxq76kerAxMFN+KdhUg0LIEY79THbzvH3s/WGHasnV3w==}
    peerDependencies:
      '@stripe/stripe-js': ^1.19.1
      react: ^16.8.0 || ^17.0.0
      react-dom: ^16.8.0 || ^17.0.0
    dependencies:
      '@stripe/stripe-js': 1.20.2
      prop-types: 15.7.2
      react: 17.0.2
      react-dom: 17.0.2_react@17.0.2
    dev: false

  /@stripe/stripe-js/1.20.2:
    resolution: {integrity: sha512-gTPpXQgAgKrAAvV2R5WO4NCuozALD4n3xaDLhPv+nAomIdPLtgEwI2xIGY7WMSKp9KfkKmlcjoPO4pkz8f/bpw==}
    dev: false

  /@vitejs/plugin-react/1.0.4:
    resolution: {integrity: sha512-38/w1q2FON4e/es8WnAW0ZOa/RIOoOrpeWNUkgY6+u+M1eQZjyWWI0piLRM6fbDnm8Lm8Qtged8A7OZ/YnkNtw==}
    engines: {node: '>=12.0.0'}
    dependencies:
      '@babel/core': 7.15.8
      '@babel/plugin-transform-react-jsx': 7.14.9_@babel+core@7.15.8
      '@babel/plugin-transform-react-jsx-development': 7.14.5_@babel+core@7.15.8
      '@babel/plugin-transform-react-jsx-self': 7.14.9_@babel+core@7.15.8
      '@babel/plugin-transform-react-jsx-source': 7.14.5_@babel+core@7.15.8
      '@rollup/pluginutils': 4.1.1
      react-refresh: 0.10.0
      resolve: 1.20.0
    transitivePeerDependencies:
      - supports-color
    dev: true

  /ansi-styles/3.2.1:
    resolution: {integrity: sha512-VT0ZI6kZRdTh8YyJw3SMbYm/u+NqfsAxEpWO0Pf9sq8/e94WxxOpPKx9FR1FlyCtOVDNOQ+8ntlqFxiRc+r5qA==}
    engines: {node: '>=4'}
    dependencies:
      color-convert: 1.9.3
    dev: true

  /browserslist/4.17.4:
    resolution: {integrity: sha512-Zg7RpbZpIJRW3am9Lyckue7PLytvVxxhJj1CaJVlCWENsGEAOlnlt8X0ZxGRPp7Bt9o8tIRM5SEXy4BCPMJjLQ==}
    engines: {node: ^6 || ^7 || ^8 || ^9 || ^10 || ^11 || ^12 || >=13.7}
    hasBin: true
    dependencies:
      caniuse-lite: 1.0.30001269
      electron-to-chromium: 1.3.871
      escalade: 3.1.1
      node-releases: 2.0.0
      picocolors: 1.0.0
    dev: true

  /caniuse-lite/1.0.30001269:
    resolution: {integrity: sha512-UOy8okEVs48MyHYgV+RdW1Oiudl1H6KolybD6ZquD0VcrPSgj25omXO1S7rDydjpqaISCwA8Pyx+jUQKZwWO5w==}
    dev: true

  /chalk/2.4.2:
    resolution: {integrity: sha512-Mti+f9lpJNcwF4tWV8/OrTTtF1gZi+f8FqlyAdouralcFWFQWF2+NgCHShjkCb+IFBLq9buZwE1xckQU4peSuQ==}
    engines: {node: '>=4'}
    dependencies:
      ansi-styles: 3.2.1
      escape-string-regexp: 1.0.5
      supports-color: 5.5.0
    dev: true

  /color-convert/1.9.3:
    resolution: {integrity: sha512-QfAUtd+vFdAtFQcC8CCyYt1fYWxSqAiK2cSD6zDB8N3cpsEBAvRxp9zOGg6G/SHHJYAT88/az/IuDGALsNVbGg==}
    dependencies:
      color-name: 1.1.3
    dev: true

  /color-name/1.1.3:
    resolution: {integrity: sha1-p9BVi9icQveV3UIyj3QIMcpTvCU=}
    dev: true

  /convert-source-map/1.8.0:
    resolution: {integrity: sha512-+OQdjP49zViI/6i7nIJpA8rAl4sV/JdPfU9nZs3VqOwGIgizICvuN2ru6fMd+4llL0tar18UYJXfZ/TWtmhUjA==}
    dependencies:
      safe-buffer: 5.1.2
    dev: true

  /debug/4.3.2:
    resolution: {integrity: sha512-mOp8wKcvj7XxC78zLgw/ZA+6TSgkoE2C/ienthhRD298T7UNwAg9diBpLRxC0mOezLl4B0xV7M0cCO6P/O0Xhw==}
    engines: {node: '>=6.0'}
    peerDependencies:
      supports-color: '*'
    peerDependenciesMeta:
      supports-color:
        optional: true
    dependencies:
      ms: 2.1.2
    dev: true

  /electron-to-chromium/1.3.871:
    resolution: {integrity: sha512-qcLvDUPf8DSIMWarHT2ptgcqrYg62n3vPA7vhrOF24d8UNzbUBaHu2CySiENR3nEDzYgaN60071t0F6KLYMQ7Q==}
    dev: true

  /esbuild-android-arm64/0.13.8:
    resolution: {integrity: sha512-AilbChndywpk7CdKkNSZ9klxl+9MboLctXd9LwLo3b0dawmOF/i/t2U5d8LM6SbT1Xw36F8yngSUPrd8yPs2RA==}
    cpu: [arm64]
    os: [android]
    requiresBuild: true
    dev: true
    optional: true

  /esbuild-darwin-64/0.13.8:
    resolution: {integrity: sha512-b6sdiT84zV5LVaoF+UoMVGJzR/iE2vNUfUDfFQGrm4LBwM/PWXweKpuu6RD9mcyCq18cLxkP6w/LD/w9DtX3ng==}
    cpu: [x64]
    os: [darwin]
    requiresBuild: true
    dev: true
    optional: true

  /esbuild-darwin-arm64/0.13.8:
    resolution: {integrity: sha512-R8YuPiiJayuJJRUBG4H0VwkEKo6AvhJs2m7Tl0JaIer3u1FHHXwGhMxjJDmK+kXwTFPriSysPvcobXC/UrrZCQ==}
    cpu: [arm64]
    os: [darwin]
    requiresBuild: true
    dev: true
    optional: true

  /esbuild-freebsd-64/0.13.8:
    resolution: {integrity: sha512-zBn6urrn8FnKC+YSgDxdof9jhPCeU8kR/qaamlV4gI8R3KUaUK162WYM7UyFVAlj9N0MyD3AtB+hltzu4cysTw==}
    cpu: [x64]
    os: [freebsd]
    requiresBuild: true
    dev: true
    optional: true

  /esbuild-freebsd-arm64/0.13.8:
    resolution: {integrity: sha512-pWW2slN7lGlkx0MOEBoUGwRX5UgSCLq3dy2c8RIOpiHtA87xAUpDBvZK10MykbT+aMfXc0NI2lu1X+6kI34xng==}
    cpu: [arm64]
    os: [freebsd]
    requiresBuild: true
    dev: true
    optional: true

  /esbuild-linux-32/0.13.8:
    resolution: {integrity: sha512-T0I0ueeKVO/Is0CAeSEOG9s2jeNNb8jrrMwG9QBIm3UU18MRB60ERgkS2uV3fZ1vP2F8i3Z2e3Zju4lg9dhVmw==}
    cpu: [ia32]
    os: [linux]
    requiresBuild: true
    dev: true
    optional: true

  /esbuild-linux-64/0.13.8:
    resolution: {integrity: sha512-Bm8SYmFtvfDCIu9sjKppFXzRXn2BVpuCinU1ChTuMtdKI/7aPpXIrkqBNOgPTOQO9AylJJc1Zw6EvtKORhn64w==}
    cpu: [x64]
    os: [linux]
    requiresBuild: true
    dev: true
    optional: true

  /esbuild-linux-arm/0.13.8:
    resolution: {integrity: sha512-4/HfcC40LJ4GPyboHA+db0jpFarTB628D1ifU+/5bunIgY+t6mHkJWyxWxAAE8wl/ZIuRYB9RJFdYpu1AXGPdg==}
    cpu: [arm]
    os: [linux]
    requiresBuild: true
    dev: true
    optional: true

  /esbuild-linux-arm64/0.13.8:
    resolution: {integrity: sha512-X4pWZ+SL+FJ09chWFgRNO3F+YtvAQRcWh0uxKqZSWKiWodAB20flsW/OWFYLXBKiVCTeoGMvENZS/GeVac7+tQ==}
    cpu: [arm64]
    os: [linux]
    requiresBuild: true
    dev: true
    optional: true

  /esbuild-linux-mips64le/0.13.8:
    resolution: {integrity: sha512-o7e0D+sqHKT31v+mwFircJFjwSKVd2nbkHEn4l9xQ1hLR+Bv8rnt3HqlblY3+sBdlrOTGSwz0ReROlKUMJyldA==}
    cpu: [mips64el]
    os: [linux]
    requiresBuild: true
    dev: true
    optional: true

  /esbuild-linux-ppc64le/0.13.8:
    resolution: {integrity: sha512-eZSQ0ERsWkukJp2px/UWJHVNuy0lMoz/HZcRWAbB6reoaBw7S9vMzYNUnflfL3XA6WDs+dZn3ekHE4Y2uWLGig==}
    cpu: [ppc64]
    os: [linux]
    requiresBuild: true
    dev: true
    optional: true

  /esbuild-netbsd-64/0.13.8:
    resolution: {integrity: sha512-gZX4kP7gVvOrvX0ZwgHmbuHczQUwqYppxqtoyC7VNd80t5nBHOFXVhWo2Ad/Lms0E8b+wwgI/WjZFTCpUHOg9Q==}
    cpu: [x64]
    os: [netbsd]
    requiresBuild: true
    dev: true
    optional: true

  /esbuild-openbsd-64/0.13.8:
    resolution: {integrity: sha512-afzza308X4WmcebexbTzAgfEWt9MUkdTvwIa8xOu4CM2qGbl2LanqEl8/LUs8jh6Gqw6WsicEK52GPrS9wvkcw==}
    cpu: [x64]
    os: [openbsd]
    requiresBuild: true
    dev: true
    optional: true

  /esbuild-sunos-64/0.13.8:
    resolution: {integrity: sha512-mWPZibmBbuMKD+LDN23LGcOZ2EawMYBONMXXHmbuxeT0XxCNwadbCVwUQ/2p5Dp5Kvf6mhrlIffcnWOiCBpiVw==}
    cpu: [x64]
    os: [sunos]
    requiresBuild: true
    dev: true
    optional: true

  /esbuild-windows-32/0.13.8:
    resolution: {integrity: sha512-QsZ1HnWIcnIEApETZWw8HlOhDSWqdZX2SylU7IzGxOYyVcX7QI06ety/aDcn437mwyO7Ph4RrbhB+2ntM8kX8A==}
    cpu: [ia32]
    os: [win32]
    requiresBuild: true
    dev: true
    optional: true

  /esbuild-windows-64/0.13.8:
    resolution: {integrity: sha512-76Fb57B9eE/JmJi1QmUW0tRLQZfGo0it+JeYoCDTSlbTn7LV44ecOHIMJSSgZADUtRMWT9z0Kz186bnaB3amSg==}
    cpu: [x64]
    os: [win32]
    requiresBuild: true
    dev: true
    optional: true

  /esbuild-windows-arm64/0.13.8:
    resolution: {integrity: sha512-HW6Mtq5eTudllxY2YgT62MrVcn7oq2o8TAoAvDUhyiEmRmDY8tPwAhb1vxw5/cdkbukM3KdMYtksnUhF/ekWeg==}
    cpu: [arm64]
    os: [win32]
    requiresBuild: true
    dev: true
    optional: true

  /esbuild/0.13.8:
    resolution: {integrity: sha512-A4af7G7YZLfG5OnARJRMtlpEsCkq/zHZQXewgPA864l9D6VjjbH1SuFYK/OSV6BtHwDGkdwyRrX0qQFLnMfUcw==}
    hasBin: true
    requiresBuild: true
    optionalDependencies:
      esbuild-android-arm64: 0.13.8
      esbuild-darwin-64: 0.13.8
      esbuild-darwin-arm64: 0.13.8
      esbuild-freebsd-64: 0.13.8
      esbuild-freebsd-arm64: 0.13.8
      esbuild-linux-32: 0.13.8
      esbuild-linux-64: 0.13.8
      esbuild-linux-arm: 0.13.8
      esbuild-linux-arm64: 0.13.8
      esbuild-linux-mips64le: 0.13.8
      esbuild-linux-ppc64le: 0.13.8
      esbuild-netbsd-64: 0.13.8
      esbuild-openbsd-64: 0.13.8
      esbuild-sunos-64: 0.13.8
      esbuild-windows-32: 0.13.8
      esbuild-windows-64: 0.13.8
      esbuild-windows-arm64: 0.13.8
    dev: true

  /escalade/3.1.1:
    resolution: {integrity: sha512-k0er2gUkLf8O0zKJiAhmkTnJlTvINGv7ygDNPbeIsX/TJjGJZHuh9B2UxbsaEkmlEo9MfhrSzmhIlhRlI2GXnw==}
    engines: {node: '>=6'}
    dev: true

  /escape-string-regexp/1.0.5:
    resolution: {integrity: sha1-G2HAViGQqN/2rjuyzwIAyhMLhtQ=}
    engines: {node: '>=0.8.0'}
    dev: true

  /estree-walker/2.0.2:
    resolution: {integrity: sha512-Rfkk/Mp/DL7JVje3u18FxFujQlTNR2q6QfMSMB7AvCBx91NGj/ba3kCfza0f6dVDbw7YlRf/nDrn7pQrCCyQ/w==}
    dev: true

  /fsevents/2.3.2:
    resolution: {integrity: sha512-xiqMQR4xAeHTuB9uWm+fFRcIOgKBMiOBP+eXiyT7jsgVCq1bkVygt00oASowB7EdtpOHaaPgKt812P9ab+DDKA==}
    engines: {node: ^8.16.0 || ^10.6.0 || >=11.0.0}
    os: [darwin]
    requiresBuild: true
    dev: true
    optional: true

  /function-bind/1.1.1:
    resolution: {integrity: sha512-yIovAzMX49sF8Yl58fSCWJ5svSLuaibPxXQJFLmBObTuCr0Mf1KiPopGM9NiFjiYBCbfaa2Fh6breQ6ANVTI0A==}
    dev: true

  /gensync/1.0.0-beta.2:
    resolution: {integrity: sha512-3hN7NaskYvMDLQY55gnW3NQ+mesEAepTqlg+VEbj7zzqEMBVNhzcGYYeqFo/TlYz6eQiFcp1HcsCZO+nGgS8zg==}
    engines: {node: '>=6.9.0'}
    dev: true

  /globals/11.12.0:
    resolution: {integrity: sha512-WOBp/EEGUiIsJSp7wcv/y6MO+lV9UoncWqxuFfm8eBwzWNgyfBd6Gz+IeKQ9jCmyhoH99g15M3T+QaVHFjizVA==}
    engines: {node: '>=4'}
    dev: true

  /has-flag/3.0.0:
    resolution: {integrity: sha1-tdRU3CGZriJWmfNGfloH87lVuv0=}
    engines: {node: '>=4'}
    dev: true

  /has/1.0.3:
    resolution: {integrity: sha512-f2dvO0VU6Oej7RkWJGrehjbzMAjFp5/VKPp5tTpWIV4JHHZK1/BxbFRtf/siA2SWTe09caDmVtYYzWEIbBS4zw==}
    engines: {node: '>= 0.4.0'}
    dependencies:
      function-bind: 1.1.1
    dev: true

  /is-core-module/2.8.0:
    resolution: {integrity: sha512-vd15qHsaqrRL7dtH6QNuy0ndJmRDrS9HAM1CAiSifNUFv4x1a0CCVsj18hJ1mShxIG6T2i1sO78MkP56r0nYRw==}
    dependencies:
      has: 1.0.3
    dev: true

  /js-tokens/4.0.0:
    resolution: {integrity: sha512-RdJUflcE3cUzKiMqQgsCu06FPu9UdIJO0beYbPhHN4k6apgJtifcoCtT9bcxOpYBtpD2kCM6Sbzg4CausW/PKQ==}

  /jsesc/2.5.2:
    resolution: {integrity: sha512-OYu7XEzjkCQ3C5Ps3QIZsQfNpqoJyZZA99wd9aWd05NCtC5pWOkShK2mkL6HXQR6/Cy2lbNdPlZBpuQHXE63gA==}
    engines: {node: '>=4'}
    hasBin: true
    dev: true

  /json5/2.2.0:
    resolution: {integrity: sha512-f+8cldu7X/y7RAJurMEJmdoKXGB/X550w2Nr3tTbezL6RwEE/iMcm+tZnXeoZtKuOq6ft8+CqzEkrIgx1fPoQA==}
    engines: {node: '>=6'}
    hasBin: true
    dependencies:
      minimist: 1.2.5
    dev: true

  /loose-envify/1.4.0:
    resolution: {integrity: sha512-lyuxPGr/Wfhrlem2CL/UcnUc1zcqKAImBDzukY7Y5F/yQiNdko6+fRLevlw1HgMySw7f611UIY408EtxRSoK3Q==}
    hasBin: true
    dependencies:
      js-tokens: 4.0.0
    dev: false

  /minimist/1.2.5:
    resolution: {integrity: sha512-FM9nNUYrRBAELZQT3xeZQ7fmMOBg6nWNmJKTcgsJeaLstP/UODVpGsr5OhXhhXg6f+qtJ8uiZ+PUxkDWcgIXLw==}
    dev: true

  /ms/2.1.2:
    resolution: {integrity: sha512-sGkPx+VjMtmA6MX27oA4FBFELFCZZ4S4XqeGOXCv68tT+jb3vk/RyaKWP0PTKyWtmLSM0b+adUTEvbs1PEaH2w==}
    dev: true

  /nanoid/3.1.30:
    resolution: {integrity: sha512-zJpuPDwOv8D2zq2WRoMe1HsfZthVewpel9CAvTfc/2mBD1uUT/agc5f7GHGWXlYkFvi1mVxe4IjvP2HNrop7nQ==}
    engines: {node: ^10 || ^12 || ^13.7 || ^14 || >=15.0.1}
    hasBin: true
    dev: true

  /node-releases/2.0.0:
    resolution: {integrity: sha512-aA87l0flFYMzCHpTM3DERFSYxc6lv/BltdbRTOMZuxZ0cwZCD3mejE5n9vLhSJCN++/eOqr77G1IO5uXxlQYWA==}
    dev: true

  /object-assign/4.1.1:
    resolution: {integrity: sha1-IQmtx5ZYh8/AXLvUQsrIv7s2CGM=}
    engines: {node: '>=0.10.0'}
    dev: false

  /path-parse/1.0.7:
    resolution: {integrity: sha512-LDJzPVEEEPR+y48z93A0Ed0yXb8pAByGWo/k5YYdYgpY2/2EsOsksJrq7lOHxryrVOn1ejG6oAp8ahvOIQD8sw==}
    dev: true

  /picocolors/0.2.1:
    resolution: {integrity: sha512-cMlDqaLEqfSaW8Z7N5Jw+lyIW869EzT73/F5lhtY9cLGoVxSXznfgfXMO0Z5K0o0Q2TkTXq+0KFsdnSe3jDViA==}
    dev: true

  /picocolors/1.0.0:
    resolution: {integrity: sha512-1fygroTLlHu66zi26VoTDv8yRgm0Fccecssto+MhsZ0D/DGW2sm8E8AjW7NU5VVTRt5GxbeZ5qBuJr+HyLYkjQ==}
    dev: true

  /picomatch/2.3.0:
    resolution: {integrity: sha512-lY1Q/PiJGC2zOv/z391WOTD+Z02bCgsFfvxoXXf6h7kv9o+WmsmzYqrAwY63sNgOxE4xEdq0WyUnXfKeBrSvYw==}
    engines: {node: '>=8.6'}
    dev: true

  /postcss/8.3.9:
    resolution: {integrity: sha512-f/ZFyAKh9Dnqytx5X62jgjhhzttjZS7hMsohcI7HEI5tjELX/HxCy3EFhsRxyzGvrzFF+82XPvCS8T9TFleVJw==}
    engines: {node: ^10 || ^12 || >=14}
    dependencies:
      nanoid: 3.1.30
      picocolors: 0.2.1
      source-map-js: 0.6.2
    dev: true

  /prop-types/15.7.2:
    resolution: {integrity: sha512-8QQikdH7//R2vurIJSutZ1smHYTcLpRWEOlHnzcWHmBYrOGUysKwSsrC89BCiFj3CbrfJ/nXFdJepOVrY1GCHQ==}
    dependencies:
      loose-envify: 1.4.0
      object-assign: 4.1.1
      react-is: 16.13.1
    dev: false

  /react-dom/17.0.2_react@17.0.2:
    resolution: {integrity: sha512-s4h96KtLDUQlsENhMn1ar8t2bEa+q/YAtj8pPPdIjPDGBDIVNsrD9aXNWqspUe6AzKCIG0C1HZZLqLV7qpOBGA==}
    peerDependencies:
      react: 17.0.2
    dependencies:
      loose-envify: 1.4.0
      object-assign: 4.1.1
      react: 17.0.2
      scheduler: 0.20.2
    dev: false

  /react-is/16.13.1:
    resolution: {integrity: sha512-24e6ynE2H+OKt4kqsOvNd8kBpV65zoxbA4BVsEOB3ARVWQki/DHzaUoC5KuON/BiccDaCCTZBuOcfZs70kR8bQ==}
    dev: false

  /react-refresh/0.10.0:
    resolution: {integrity: sha512-PgidR3wST3dDYKr6b4pJoqQFpPGNKDSCDx4cZoshjXipw3LzO7mG1My2pwEzz2JVkF+inx3xRpDeQLFQGH/hsQ==}
    engines: {node: '>=0.10.0'}
    dev: true

  /react/17.0.2:
    resolution: {integrity: sha512-gnhPt75i/dq/z3/6q/0asP78D0u592D5L1pd7M8P+dck6Fu/jJeL6iVVK23fptSUZj8Vjf++7wXA8UNclGQcbA==}
    engines: {node: '>=0.10.0'}
    dependencies:
      loose-envify: 1.4.0
      object-assign: 4.1.1
    dev: false

  /resolve/1.20.0:
    resolution: {integrity: sha512-wENBPt4ySzg4ybFQW2TT1zMQucPK95HSh/nq2CFTZVOGut2+pQvSsgtda4d26YrYcr067wjbmzOG8byDPBX63A==}
    dependencies:
      is-core-module: 2.8.0
      path-parse: 1.0.7
    dev: true

  /rollup/2.58.0:
    resolution: {integrity: sha512-NOXpusKnaRpbS7ZVSzcEXqxcLDOagN6iFS8p45RkoiMqPHDLwJm758UF05KlMoCRbLBTZsPOIa887gZJ1AiXvw==}
    engines: {node: '>=10.0.0'}
    hasBin: true
    optionalDependencies:
      fsevents: 2.3.2
    dev: true

  /safe-buffer/5.1.2:
    resolution: {integrity: sha512-Gd2UZBJDkXlY7GbJxfsE8/nvKkUEU1G38c1siN6QP6a9PT9MmHB8GnpscSmMJSoF8LOIrt8ud/wPtojys4G6+g==}
    dev: true

  /scheduler/0.20.2:
    resolution: {integrity: sha512-2eWfGgAqqWFGqtdMmcL5zCMK1U8KlXv8SQFGglL3CEtd0aDVDWgeF/YoCmvln55m5zSk3J/20hTaSBeSObsQDQ==}
    dependencies:
      loose-envify: 1.4.0
      object-assign: 4.1.1
    dev: false

  /semver/6.3.0:
    resolution: {integrity: sha512-b39TBaTSfV6yBrapU89p5fKekE2m/NwnDocOVruQFS1/veMgdzuPcnOM34M6CwxW8jH/lxEa5rBoDeUwu5HHTw==}
    hasBin: true
    dev: true

  /source-map-js/0.6.2:
    resolution: {integrity: sha512-/3GptzWzu0+0MBQFrDKzw/DvvMTUORvgY6k6jd/VS6iCR4RDTKWH6v6WPwQoUO8667uQEf9Oe38DxAYWY5F/Ug==}
    engines: {node: '>=0.10.0'}
    dev: true

  /source-map/0.5.7:
    resolution: {integrity: sha1-igOdLRAh0i0eoUyA2OpGi6LvP8w=}
    engines: {node: '>=0.10.0'}
    dev: true

  /supports-color/5.5.0:
    resolution: {integrity: sha512-QjVjwdXIt408MIiAqCX4oUKsgU2EqAGzs2Ppkm4aQYbjm+ZEWEcW4SfFNTr4uMNZma0ey4f5lgLrkB0aX0QMow==}
    engines: {node: '>=4'}
    dependencies:
      has-flag: 3.0.0
    dev: true

  /to-fast-properties/2.0.0:
    resolution: {integrity: sha1-3F5pjL0HkmW8c+A3doGk5Og/YW4=}
    engines: {node: '>=4'}
    dev: true

  /vite/2.6.7:
    resolution: {integrity: sha512-ewk//jve9k6vlU8PfJmWUHN8k0YYdw4VaKOMvoQ3nT2Pb6k5OSMKQi4jPOzVH/TlUqMsCrq7IJ80xcuDDVyigg==}
    engines: {node: '>=12.2.0'}
    hasBin: true
    peerDependencies:
      less: '*'
      sass: '*'
      stylus: '*'
    peerDependenciesMeta:
      less:
        optional: true
      sass:
        optional: true
      stylus:
        optional: true
    dependencies:
      esbuild: 0.13.8
      postcss: 8.3.9
      resolve: 1.20.0
      rollup: 2.58.0
    optionalDependencies:
      fsevents: 2.3.2
    dev: true
